
Microsoft Visual Studio Solution File, Format Version 12.00
# Visual Studio Version 17
VisualStudioVersion = 17.5.002.0
MinimumVisualStudioVersion = 10.0.40219.1
Project("{9A19103F-16F7-4668-BE54-9A1E7A4F7556}") = "IndexerSearchEngine", "IndexerSearchEngine.csproj", "{E1BDA11C-096D-4C67-B9D6-069DBF54ED62}"
EndProject
Global
	GlobalSection(SolutionConfigurationPlatforms) = preSolution
		Debug|Any CPU = Debug|Any CPU
		Release|Any CPU = Release|Any CPU
	EndGlobalSection
	GlobalSection(ProjectConfigurationPlatforms) = postSolution
		{E1BDA11C-096D-4C67-B9D6-069DBF54ED62}.Debug|Any CPU.ActiveCfg = Debug|Any CPU
		{E1BDA11C-096D-4C67-B9D6-069DBF54ED62}.Debug|Any CPU.Build.0 = Debug|Any CPU
		{E1BDA11C-096D-4C67-B9D6-069DBF54ED62}.Release|Any CPU.ActiveCfg = Release|Any CPU
		{E1BDA11C-096D-4C67-B9D6-069DBF54ED62}.Release|Any CPU.Build.0 = Release|Any CPU
	EndGlobalSection
	GlobalSection(SolutionProperties) = preSolution
		HideSolutionNode = FALSE
	EndGlobalSection
	GlobalSection(ExtensibilityGlobals) = postSolution
		SolutionGuid = {245787E0-99D4-46EB-B486-66F4F78BE9C8}
	EndGlobalSection
EndGlobal
